{
  "name": "nhse",
  "version": "1.0.0",
  "lockfileVersion": 3,
  "requires": true,
  "packages": {
    "": {
      "name": "nhse",
      "version": "1.0.0",
      "license": "ISC",
      "dependencies": {
        "nhsuk-frontend": "^6.2.0"
      }
    },
    "node_modules/nhsuk-frontend": {
      "version": "6.2.0",
      "resolved": "https://registry.npmjs.org/nhsuk-frontend/-/nhsuk-frontend-6.2.0.tgz",
      "integrity": "sha512-02eF0+LkqjxZy7wB2iQSkssoA6LgSey4r+fPgj20KWqDUVEpy2Zi4bmRUNdda5oFsJR6PHtr/G+9Rn0dBgsOMw=="
    }
  }
}
